
Microsoft Visual Studio Solution File, Format Version 12.00
# Visual Studio Version 17
VisualStudioVersion = 17.9.34723.18
MinimumVisualStudioVersion = 10.0.40219.1
Project("{FAE04EC0-301F-11D3-BF4B-00C04F79EFBC}") = "theTranslator.Web", "theTranslator.Web.csproj", "{A0FABCF5-F0D5-4106-9401-22E644660661}"
EndProject
Global
	GlobalSection(SolutionConfigurationPlatforms) = preSolution
		Debug|Any CPU = Debug|Any CPU
		Release|Any CPU = Release|Any CPU
	EndGlobalSection
	GlobalSection(ProjectConfigurationPlatforms) = postSolution
		{A0FABCF5-F0D5-4106-9401-22E644660661}.Debug|Any CPU.ActiveCfg = Debug|Any CPU
		{A0FABCF5-F0D5-4106-9401-22E644660661}.Debug|Any CPU.Build.0 = Debug|Any CPU
		{A0FABCF5-F0D5-4106-9401-22E644660661}.Release|Any CPU.ActiveCfg = Release|Any CPU
		{A0FABCF5-F0D5-4106-9401-22E644660661}.Release|Any CPU.Build.0 = Release|Any CPU
	EndGlobalSection
	GlobalSection(SolutionProperties) = preSolution
		HideSolutionNode = FALSE
	EndGlobalSection
	GlobalSection(ExtensibilityGlobals) = postSolution
		SolutionGuid = {B370499B-B17F-49B0-915A-5DA89988D7B6}
	EndGlobalSection
EndGlobal
